
Microsoft Visual Studio Solution File, Format Version 12.00
# Visual Studio Version 17
VisualStudioVersion = 17.0.32126.317
MinimumVisualStudioVersion = 10.0.40219.1
Project("{9A19103F-16F7-4668-BE54-9A1E7A4F7556}") = "SSquredDataProvider", "SSquredProviderLibrary\SSquredDataProvider.csproj", "{0612CD95-FB2F-47A0-8DC1-C2A502485522}"
EndProject
Project("{FAE04EC0-301F-11D3-BF4B-00C04F79EFBC}") = "EmployeeManagement", "EmployeeManagement\EmployeeManagement.csproj", "{C6D37C4F-E9F5-427B-A444-72066C427C98}"
EndProject
Project("{00D1A9C2-B5F0-4AF3-8072-F6C62B433612}") = "DatabaseObjects", "DatabaseObjects\DatabaseObjects.sqlproj", "{D09CB6A2-4DBA-43F1-9E57-A72BC6B6BABD}"
EndProject
Global
	GlobalSection(SolutionConfigurationPlatforms) = preSolution
		Debug|Any CPU = Debug|Any CPU
		Release|Any CPU = Release|Any CPU
	EndGlobalSection
	GlobalSection(ProjectConfigurationPlatforms) = postSolution
		{0612CD95-FB2F-47A0-8DC1-C2A502485522}.Debug|Any CPU.ActiveCfg = Debug|Any CPU
		{0612CD95-FB2F-47A0-8DC1-C2A502485522}.Debug|Any CPU.Build.0 = Debug|Any CPU
		{0612CD95-FB2F-47A0-8DC1-C2A502485522}.Release|Any CPU.ActiveCfg = Release|Any CPU
		{0612CD95-FB2F-47A0-8DC1-C2A502485522}.Release|Any CPU.Build.0 = Release|Any CPU
		{C6D37C4F-E9F5-427B-A444-72066C427C98}.Debug|Any CPU.ActiveCfg = Debug|Any CPU
		{C6D37C4F-E9F5-427B-A444-72066C427C98}.Debug|Any CPU.Build.0 = Debug|Any CPU
		{C6D37C4F-E9F5-427B-A444-72066C427C98}.Release|Any CPU.ActiveCfg = Release|Any CPU
		{C6D37C4F-E9F5-427B-A444-72066C427C98}.Release|Any CPU.Build.0 = Release|Any CPU
		{D09CB6A2-4DBA-43F1-9E57-A72BC6B6BABD}.Debug|Any CPU.ActiveCfg = Debug|Any CPU
		{D09CB6A2-4DBA-43F1-9E57-A72BC6B6BABD}.Debug|Any CPU.Build.0 = Debug|Any CPU
		{D09CB6A2-4DBA-43F1-9E57-A72BC6B6BABD}.Debug|Any CPU.Deploy.0 = Debug|Any CPU
		{D09CB6A2-4DBA-43F1-9E57-A72BC6B6BABD}.Release|Any CPU.ActiveCfg = Release|Any CPU
		{D09CB6A2-4DBA-43F1-9E57-A72BC6B6BABD}.Release|Any CPU.Build.0 = Release|Any CPU
		{D09CB6A2-4DBA-43F1-9E57-A72BC6B6BABD}.Release|Any CPU.Deploy.0 = Release|Any CPU
	EndGlobalSection
	GlobalSection(SolutionProperties) = preSolution
		HideSolutionNode = FALSE
	EndGlobalSection
	GlobalSection(ExtensibilityGlobals) = postSolution
		SolutionGuid = {AF324B55-1BBA-44FA-A9B1-A3375AC4B7F4}
	EndGlobalSection
EndGlobal
